
Microsoft Visual Studio Solution File, Format Version 12.00
# Visual Studio Version 16
VisualStudioVersion = 16.0.29728.190
MinimumVisualStudioVersion = 10.0.40219.1
Project("{FAE04EC0-301F-11D3-BF4B-00C04F79EFBC}") = "Ladeskab", "Ladeskab.csproj", "{2A39DA9F-86CF-4430-AE7D-352D0C930848}"
EndProject
Global
	GlobalSection(SolutionConfigurationPlatforms) = preSolution
		Debug|Any CPU = Debug|Any CPU
		Release|Any CPU = Release|Any CPU
	EndGlobalSection
	GlobalSection(ProjectConfigurationPlatforms) = postSolution
		{2A39DA9F-86CF-4430-AE7D-352D0C930848}.Debug|Any CPU.ActiveCfg = Debug|Any CPU
		{2A39DA9F-86CF-4430-AE7D-352D0C930848}.Debug|Any CPU.Build.0 = Debug|Any CPU
		{2A39DA9F-86CF-4430-AE7D-352D0C930848}.Release|Any CPU.ActiveCfg = Release|Any CPU
		{2A39DA9F-86CF-4430-AE7D-352D0C930848}.Release|Any CPU.Build.0 = Release|Any CPU
	EndGlobalSection
	GlobalSection(SolutionProperties) = preSolution
		HideSolutionNode = FALSE
	EndGlobalSection
	GlobalSection(ExtensibilityGlobals) = postSolution
		SolutionGuid = {86BB749F-169A-4BC6-AEEA-6BA2CDB98DC4}
	EndGlobalSection
EndGlobal
